
Microsoft Visual Studio Solution File, Format Version 12.00
# Visual Studio 14
VisualStudioVersion = 14.0.25123.0
MinimumVisualStudioVersion = 10.0.40219.1
Project("{FAE04EC0-301F-11D3-BF4B-00C04F79EFBC}") = "Teste1", "Teste1\Teste1.csproj", "{32AE1991-E8B4-4C0A-B87B-BCE75668031A}"
EndProject
Project("{FAE04EC0-301F-11D3-BF4B-00C04F79EFBC}") = "TextEd", "TextEd\TextEd.csproj", "{2E54BB22-7887-4FF1-B8BA-64E6F466CE9E}"
EndProject
Project("{FAE04EC0-301F-11D3-BF4B-00C04F79EFBC}") = "ConsoleApplication1", "ConsoleApplication1\ConsoleApplication1.csproj", "{C842EBBC-F83C-4E18-AF88-E56B74F83BCF}"
EndProject
Global
	GlobalSection(SolutionConfigurationPlatforms) = preSolution
		Debug|Any CPU = Debug|Any CPU
		Release|Any CPU = Release|Any CPU
	EndGlobalSection
	GlobalSection(ProjectConfigurationPlatforms) = postSolution
		{32AE1991-E8B4-4C0A-B87B-BCE75668031A}.Debug|Any CPU.ActiveCfg = Debug|Any CPU
		{32AE1991-E8B4-4C0A-B87B-BCE75668031A}.Debug|Any CPU.Build.0 = Debug|Any CPU
		{32AE1991-E8B4-4C0A-B87B-BCE75668031A}.Release|Any CPU.ActiveCfg = Release|Any CPU
		{32AE1991-E8B4-4C0A-B87B-BCE75668031A}.Release|Any CPU.Build.0 = Release|Any CPU
		{2E54BB22-7887-4FF1-B8BA-64E6F466CE9E}.Debug|Any CPU.ActiveCfg = Debug|Any CPU
		{2E54BB22-7887-4FF1-B8BA-64E6F466CE9E}.Debug|Any CPU.Build.0 = Debug|Any CPU
		{2E54BB22-7887-4FF1-B8BA-64E6F466CE9E}.Release|Any CPU.ActiveCfg = Release|Any CPU
		{2E54BB22-7887-4FF1-B8BA-64E6F466CE9E}.Release|Any CPU.Build.0 = Release|Any CPU
		{C842EBBC-F83C-4E18-AF88-E56B74F83BCF}.Debug|Any CPU.ActiveCfg = Debug|Any CPU
		{C842EBBC-F83C-4E18-AF88-E56B74F83BCF}.Debug|Any CPU.Build.0 = Debug|Any CPU
		{C842EBBC-F83C-4E18-AF88-E56B74F83BCF}.Release|Any CPU.ActiveCfg = Release|Any CPU
		{C842EBBC-F83C-4E18-AF88-E56B74F83BCF}.Release|Any CPU.Build.0 = Release|Any CPU
	EndGlobalSection
	GlobalSection(SolutionProperties) = preSolution
		HideSolutionNode = FALSE
	EndGlobalSection
EndGlobal
