
Microsoft Visual Studio Solution File, Format Version 12.00
# Visual Studio 14
VisualStudioVersion = 14.0.25123.0
MinimumVisualStudioVersion = 10.0.40219.1
Project("{FAE04EC0-301F-11D3-BF4B-00C04F79EFBC}") = "Exemplo1", "Exemplo1\Exemplo1.csproj", "{ABDFF637-0795-4ADF-9DB2-E040C79F35BB}"
EndProject
Project("{FAE04EC0-301F-11D3-BF4B-00C04F79EFBC}") = "Exemplo2", "Exemplo2\Exemplo2.csproj", "{AA5C08BA-5E35-4F47-A12B-AEFE1639595D}"
EndProject
Project("{FAE04EC0-301F-11D3-BF4B-00C04F79EFBC}") = "Cadastro", "Cadastro\Cadastro.csproj", "{288FD25A-771B-4C16-B9E4-8838127CE434}"
EndProject
Global
	GlobalSection(SolutionConfigurationPlatforms) = preSolution
		Debug|Any CPU = Debug|Any CPU
		Release|Any CPU = Release|Any CPU
	EndGlobalSection
	GlobalSection(ProjectConfigurationPlatforms) = postSolution
		{ABDFF637-0795-4ADF-9DB2-E040C79F35BB}.Debug|Any CPU.ActiveCfg = Debug|Any CPU
		{ABDFF637-0795-4ADF-9DB2-E040C79F35BB}.Debug|Any CPU.Build.0 = Debug|Any CPU
		{ABDFF637-0795-4ADF-9DB2-E040C79F35BB}.Release|Any CPU.ActiveCfg = Release|Any CPU
		{ABDFF637-0795-4ADF-9DB2-E040C79F35BB}.Release|Any CPU.Build.0 = Release|Any CPU
		{AA5C08BA-5E35-4F47-A12B-AEFE1639595D}.Debug|Any CPU.ActiveCfg = Debug|Any CPU
		{AA5C08BA-5E35-4F47-A12B-AEFE1639595D}.Debug|Any CPU.Build.0 = Debug|Any CPU
		{AA5C08BA-5E35-4F47-A12B-AEFE1639595D}.Release|Any CPU.ActiveCfg = Release|Any CPU
		{AA5C08BA-5E35-4F47-A12B-AEFE1639595D}.Release|Any CPU.Build.0 = Release|Any CPU
		{288FD25A-771B-4C16-B9E4-8838127CE434}.Debug|Any CPU.ActiveCfg = Debug|Any CPU
		{288FD25A-771B-4C16-B9E4-8838127CE434}.Debug|Any CPU.Build.0 = Debug|Any CPU
		{288FD25A-771B-4C16-B9E4-8838127CE434}.Release|Any CPU.ActiveCfg = Release|Any CPU
		{288FD25A-771B-4C16-B9E4-8838127CE434}.Release|Any CPU.Build.0 = Release|Any CPU
	EndGlobalSection
	GlobalSection(SolutionProperties) = preSolution
		HideSolutionNode = FALSE
	EndGlobalSection
EndGlobal
